
Microsoft Visual Studio Solution File, Format Version 12.00
# Visual Studio Version 17
VisualStudioVersion = 17.1.32210.238
MinimumVisualStudioVersion = 10.0.40219.1
Project("{9A19103F-16F7-4668-BE54-9A1E7A4F7556}") = "FurnitureAssembly_Storekeeper_View", "FurnitureAssembly_Storekeeper_View\FurnitureAssembly_Storekeeper_View.csproj", "{BC5F0EE3-65FF-4C59-A7FE-9DB823F8E23B}"
EndProject
Project("{9A19103F-16F7-4668-BE54-9A1E7A4F7556}") = "FurnitureAssembly_Storekeeper_DataModels", "FurnitureAssembly_Storekeeper_Models\FurnitureAssembly_Storekeeper_DataModels.csproj", "{30209964-F5C9-441D-A83D-7462ECE07B06}"
EndProject
Project("{9A19103F-16F7-4668-BE54-9A1E7A4F7556}") = "FurnitureAssembly_Storekeeper_Contracts", "FurnitureAssembly_Storekeeper_Contracts\FurnitureAssembly_Storekeeper_Contracts.csproj", "{487F90DA-C4AC-4407-A382-953DA3689C2A}"
EndProject
Project("{9A19103F-16F7-4668-BE54-9A1E7A4F7556}") = "FurnitureAssembly_Storekeeper_BusinessLogic", "FurnitureAssembly_Storekeeper_BusinessLogic\FurnitureAssembly_Storekeeper_BusinessLogic.csproj", "{EC0BAC5C-D13B-4BB1-9E88-68FC69995BC6}"
EndProject
Project("{FAE04EC0-301F-11D3-BF4B-00C04F79EFBC}") = "FurnitureAssemblyStorekeeperDatabaseImplement", "FurnitureAssemblyStorekeeperDatabaseImplement\FurnitureAssemblyStorekeeperDatabaseImplement.csproj", "{3FE1A0A6-FA67-4F4C-9167-97164498D927}"
EndProject
Global
	GlobalSection(SolutionConfigurationPlatforms) = preSolution
		Debug|Any CPU = Debug|Any CPU
		Release|Any CPU = Release|Any CPU
	EndGlobalSection
	GlobalSection(ProjectConfigurationPlatforms) = postSolution
		{BC5F0EE3-65FF-4C59-A7FE-9DB823F8E23B}.Debug|Any CPU.ActiveCfg = Debug|Any CPU
		{BC5F0EE3-65FF-4C59-A7FE-9DB823F8E23B}.Debug|Any CPU.Build.0 = Debug|Any CPU
		{BC5F0EE3-65FF-4C59-A7FE-9DB823F8E23B}.Release|Any CPU.ActiveCfg = Release|Any CPU
		{BC5F0EE3-65FF-4C59-A7FE-9DB823F8E23B}.Release|Any CPU.Build.0 = Release|Any CPU
		{30209964-F5C9-441D-A83D-7462ECE07B06}.Debug|Any CPU.ActiveCfg = Debug|Any CPU
		{30209964-F5C9-441D-A83D-7462ECE07B06}.Debug|Any CPU.Build.0 = Debug|Any CPU
		{30209964-F5C9-441D-A83D-7462ECE07B06}.Release|Any CPU.ActiveCfg = Release|Any CPU
		{30209964-F5C9-441D-A83D-7462ECE07B06}.Release|Any CPU.Build.0 = Release|Any CPU
		{487F90DA-C4AC-4407-A382-953DA3689C2A}.Debug|Any CPU.ActiveCfg = Debug|Any CPU
		{487F90DA-C4AC-4407-A382-953DA3689C2A}.Debug|Any CPU.Build.0 = Debug|Any CPU
		{487F90DA-C4AC-4407-A382-953DA3689C2A}.Release|Any CPU.ActiveCfg = Release|Any CPU
		{487F90DA-C4AC-4407-A382-953DA3689C2A}.Release|Any CPU.Build.0 = Release|Any CPU
		{EC0BAC5C-D13B-4BB1-9E88-68FC69995BC6}.Debug|Any CPU.ActiveCfg = Debug|Any CPU
		{EC0BAC5C-D13B-4BB1-9E88-68FC69995BC6}.Debug|Any CPU.Build.0 = Debug|Any CPU
		{EC0BAC5C-D13B-4BB1-9E88-68FC69995BC6}.Release|Any CPU.ActiveCfg = Release|Any CPU
		{EC0BAC5C-D13B-4BB1-9E88-68FC69995BC6}.Release|Any CPU.Build.0 = Release|Any CPU
		{3FE1A0A6-FA67-4F4C-9167-97164498D927}.Debug|Any CPU.ActiveCfg = Debug|Any CPU
		{3FE1A0A6-FA67-4F4C-9167-97164498D927}.Debug|Any CPU.Build.0 = Debug|Any CPU
		{3FE1A0A6-FA67-4F4C-9167-97164498D927}.Release|Any CPU.ActiveCfg = Release|Any CPU
		{3FE1A0A6-FA67-4F4C-9167-97164498D927}.Release|Any CPU.Build.0 = Release|Any CPU
	EndGlobalSection
	GlobalSection(SolutionProperties) = preSolution
		HideSolutionNode = FALSE
	EndGlobalSection
	GlobalSection(ExtensibilityGlobals) = postSolution
		SolutionGuid = {CA3F1101-1385-4A91-B57C-629C408932E4}
	EndGlobalSection
EndGlobal
