
Microsoft Visual Studio Solution File, Format Version 12.00
# Visual Studio Version 17
VisualStudioVersion = 17.5.33516.290
MinimumVisualStudioVersion = 10.0.40219.1
Project("{9A19103F-16F7-4668-BE54-9A1E7A4F7556}") = "FurnitureAssembly_Worker", "FurnitureAssembly_Worker\FurnitureAssembly_Worker.csproj", "{71143C15-D5B7-4E84-8E41-4C6476363EDE}"
EndProject
Project("{9A19103F-16F7-4668-BE54-9A1E7A4F7556}") = "FurnitureAssembly_WorkerDataModels", "FurnitureAssembly_WorkerDataModels\FurnitureAssembly_WorkerDataModels.csproj", "{2DA5196A-E6D9-496C-A373-FD18176DC908}"
EndProject
Project("{9A19103F-16F7-4668-BE54-9A1E7A4F7556}") = "FurnitureAssembly_WorkerDatabaseImplement", "FurnitureAssembly_WorkerDatabaseImplement\FurnitureAssembly_WorkerDatabaseImplement.csproj", "{FE719511-094C-4CAB-A308-1AF7EF29ACFA}"
EndProject
Project("{9A19103F-16F7-4668-BE54-9A1E7A4F7556}") = "FurnitureAssembly_WorkerContracts", "FurnitureAssembly_WorkerContracts\FurnitureAssembly_WorkerContracts.csproj", "{7DA16540-5534-4F8E-8C0E-8444811E4F9C}"
EndProject
Project("{FAE04EC0-301F-11D3-BF4B-00C04F79EFBC}") = "FurnitureAssembly_WorkerBusinessLogic", "FurnitureAssembly_WorkerBusinessLogic\FurnitureAssembly_WorkerBusinessLogic.csproj", "{5BF8543E-3CB2-4481-B21F-4454D36B5AE2}"
EndProject
Global
	GlobalSection(SolutionConfigurationPlatforms) = preSolution
		Debug|Any CPU = Debug|Any CPU
		Release|Any CPU = Release|Any CPU
	EndGlobalSection
	GlobalSection(ProjectConfigurationPlatforms) = postSolution
		{71143C15-D5B7-4E84-8E41-4C6476363EDE}.Debug|Any CPU.ActiveCfg = Debug|Any CPU
		{71143C15-D5B7-4E84-8E41-4C6476363EDE}.Debug|Any CPU.Build.0 = Debug|Any CPU
		{71143C15-D5B7-4E84-8E41-4C6476363EDE}.Release|Any CPU.ActiveCfg = Release|Any CPU
		{71143C15-D5B7-4E84-8E41-4C6476363EDE}.Release|Any CPU.Build.0 = Release|Any CPU
		{2DA5196A-E6D9-496C-A373-FD18176DC908}.Debug|Any CPU.ActiveCfg = Debug|Any CPU
		{2DA5196A-E6D9-496C-A373-FD18176DC908}.Debug|Any CPU.Build.0 = Debug|Any CPU
		{2DA5196A-E6D9-496C-A373-FD18176DC908}.Release|Any CPU.ActiveCfg = Release|Any CPU
		{2DA5196A-E6D9-496C-A373-FD18176DC908}.Release|Any CPU.Build.0 = Release|Any CPU
		{FE719511-094C-4CAB-A308-1AF7EF29ACFA}.Debug|Any CPU.ActiveCfg = Debug|Any CPU
		{FE719511-094C-4CAB-A308-1AF7EF29ACFA}.Debug|Any CPU.Build.0 = Debug|Any CPU
		{FE719511-094C-4CAB-A308-1AF7EF29ACFA}.Release|Any CPU.ActiveCfg = Release|Any CPU
		{FE719511-094C-4CAB-A308-1AF7EF29ACFA}.Release|Any CPU.Build.0 = Release|Any CPU
		{7DA16540-5534-4F8E-8C0E-8444811E4F9C}.Debug|Any CPU.ActiveCfg = Debug|Any CPU
		{7DA16540-5534-4F8E-8C0E-8444811E4F9C}.Debug|Any CPU.Build.0 = Debug|Any CPU
		{7DA16540-5534-4F8E-8C0E-8444811E4F9C}.Release|Any CPU.ActiveCfg = Release|Any CPU
		{7DA16540-5534-4F8E-8C0E-8444811E4F9C}.Release|Any CPU.Build.0 = Release|Any CPU
		{5BF8543E-3CB2-4481-B21F-4454D36B5AE2}.Debug|Any CPU.ActiveCfg = Debug|Any CPU
		{5BF8543E-3CB2-4481-B21F-4454D36B5AE2}.Debug|Any CPU.Build.0 = Debug|Any CPU
		{5BF8543E-3CB2-4481-B21F-4454D36B5AE2}.Release|Any CPU.ActiveCfg = Release|Any CPU
		{5BF8543E-3CB2-4481-B21F-4454D36B5AE2}.Release|Any CPU.Build.0 = Release|Any CPU
	EndGlobalSection
	GlobalSection(SolutionProperties) = preSolution
		HideSolutionNode = FALSE
	EndGlobalSection
	GlobalSection(ExtensibilityGlobals) = postSolution
		SolutionGuid = {F82F42E4-4E97-4C91-A78D-D9213CECC6B6}
	EndGlobalSection
EndGlobal
